
Microsoft Visual Studio Solution File, Format Version 12.00
# Visual Studio Version 16
VisualStudioVersion = 16.0.34729.46
MinimumVisualStudioVersion = 10.0.40219.1
Project("{FAE04EC0-301F-11D3-BF4B-00C04F79EFBC}") = "pip", "pip\pip.csproj", "{AF3A085E-F074-439E-9A25-FC43AE4A69ED}"
EndProject
Global
	GlobalSection(SolutionConfigurationPlatforms) = preSolution
		Debug|Any CPU = Debug|Any CPU
		Release|Any CPU = Release|Any CPU
	EndGlobalSection
	GlobalSection(ProjectConfigurationPlatforms) = postSolution
		{AF3A085E-F074-439E-9A25-FC43AE4A69ED}.Debug|Any CPU.ActiveCfg = Debug|Any CPU
		{AF3A085E-F074-439E-9A25-FC43AE4A69ED}.Debug|Any CPU.Build.0 = Debug|Any CPU
		{AF3A085E-F074-439E-9A25-FC43AE4A69ED}.Release|Any CPU.ActiveCfg = Release|Any CPU
		{AF3A085E-F074-439E-9A25-FC43AE4A69ED}.Release|Any CPU.Build.0 = Release|Any CPU
	EndGlobalSection
	GlobalSection(SolutionProperties) = preSolution
		HideSolutionNode = FALSE
	EndGlobalSection
	GlobalSection(ExtensibilityGlobals) = postSolution
		SolutionGuid = {A128E087-8143-45D1-ADCB-ED2F2293E050}
	EndGlobalSection
EndGlobal
